
Microsoft Visual Studio Solution File, Format Version 12.00
# Visual Studio 15
VisualStudioVersion = 15.0.28307.572
MinimumVisualStudioVersion = 10.0.40219.1
Project("{FAE04EC0-301F-11D3-BF4B-00C04F79EFBC}") = "LoginApp", "LoginApp\LoginApp.csproj", "{490A1626-C63B-4962-9405-71783E5E3A47}"
EndProject
Global
	GlobalSection(SolutionConfigurationPlatforms) = preSolution
		Debug|Any CPU = Debug|Any CPU
		Release|Any CPU = Release|Any CPU
	EndGlobalSection
	GlobalSection(ProjectConfigurationPlatforms) = postSolution
		{490A1626-C63B-4962-9405-71783E5E3A47}.Debug|Any CPU.ActiveCfg = Debug|Any CPU
		{490A1626-C63B-4962-9405-71783E5E3A47}.Debug|Any CPU.Build.0 = Debug|Any CPU
		{490A1626-C63B-4962-9405-71783E5E3A47}.Release|Any CPU.ActiveCfg = Release|Any CPU
		{490A1626-C63B-4962-9405-71783E5E3A47}.Release|Any CPU.Build.0 = Release|Any CPU
	EndGlobalSection
	GlobalSection(SolutionProperties) = preSolution
		HideSolutionNode = FALSE
	EndGlobalSection
	GlobalSection(ExtensibilityGlobals) = postSolution
		SolutionGuid = {329AEC52-6C5E-42AA-AC93-4130125F207A}
	EndGlobalSection
EndGlobal
